{
  "name": "sms",
  "version": "1.0.0",
  "lockfileVersion": 1,
  "requires": true,
  "dependencies": {
    "qcloudsms_js": {
      "version": "0.1.1",
      "resolved": "https://registry.npmjs.org/qcloudsms_js/-/qcloudsms_js-0.1.1.tgz",
      "integrity": "sha512-ewdlD32XF0BkV5sGNCFHCR9FSf6fi6PijJGX1YkowFziycYUyoCThDWKM0aeZG6kSQ1y8qHHBYFhAl7JTSlhuQ=="
    },
    "sms-node-sdk": {
      "version": "0.0.3",
      "resolved": "https://registry.npmjs.org/sms-node-sdk/-/sms-node-sdk-0.0.3.tgz",
      "integrity": "sha512-VXd+CwqQhLzxCmKaELD5KW7kXQBcKhZwym12ZguYlVHR2xeuBQkSrhgC79we4AzJY4I4Lgv2k0WGV+kGQHHrCg==",
      "requires": {
        "qcloudsms_js": "^0.1.1"
      }
    }
  }
}
